
Microsoft Visual Studio Solution File, Format Version 12.00
# Visual Studio Version 17
VisualStudioVersion = 17.1.32210.238
MinimumVisualStudioVersion = 10.0.40219.1
Project("{9A19103F-16F7-4668-BE54-9A1E7A4F7556}") = "ShortestPath", "ShortestPath\ShortestPath.csproj", "{996BBC07-E901-40F7-8C1E-C97C1D7049A0}"
EndProject
Project("{9A19103F-16F7-4668-BE54-9A1E7A4F7556}") = "ShortestPath.Test", "ShortestPath.Test\ShortestPath.Test.csproj", "{1472FB34-B813-4177-8D09-0BE9C149EC74}"
EndProject
Project("{9A19103F-16F7-4668-BE54-9A1E7A4F7556}") = "ShortestPath1", "ShortestPath1\ShortestPath1.csproj", "{DEC22AAE-E4C3-4DBA-93E0-C4A044660726}"
EndProject
Project("{9A19103F-16F7-4668-BE54-9A1E7A4F7556}") = "BenchMarkExample", "BenchMarkExample\BenchMarkExample.csproj", "{7DFEB0BC-26CF-4959-A82C-76BE59BCD133}"
EndProject
Project("{9A19103F-16F7-4668-BE54-9A1E7A4F7556}") = "RandomDataGeneration", "Exercise\RandomDataGeneration.csproj", "{AA703A38-011E-47C1-99DE-DDCE9AE283F5}"
EndProject
Global
	GlobalSection(SolutionConfigurationPlatforms) = preSolution
		Debug|Any CPU = Debug|Any CPU
		Release|Any CPU = Release|Any CPU
	EndGlobalSection
	GlobalSection(ProjectConfigurationPlatforms) = postSolution
		{996BBC07-E901-40F7-8C1E-C97C1D7049A0}.Debug|Any CPU.ActiveCfg = Debug|Any CPU
		{996BBC07-E901-40F7-8C1E-C97C1D7049A0}.Debug|Any CPU.Build.0 = Debug|Any CPU
		{996BBC07-E901-40F7-8C1E-C97C1D7049A0}.Release|Any CPU.ActiveCfg = Release|Any CPU
		{996BBC07-E901-40F7-8C1E-C97C1D7049A0}.Release|Any CPU.Build.0 = Release|Any CPU
		{1472FB34-B813-4177-8D09-0BE9C149EC74}.Debug|Any CPU.ActiveCfg = Debug|Any CPU
		{1472FB34-B813-4177-8D09-0BE9C149EC74}.Debug|Any CPU.Build.0 = Debug|Any CPU
		{1472FB34-B813-4177-8D09-0BE9C149EC74}.Release|Any CPU.ActiveCfg = Release|Any CPU
		{1472FB34-B813-4177-8D09-0BE9C149EC74}.Release|Any CPU.Build.0 = Release|Any CPU
		{DEC22AAE-E4C3-4DBA-93E0-C4A044660726}.Debug|Any CPU.ActiveCfg = Debug|Any CPU
		{DEC22AAE-E4C3-4DBA-93E0-C4A044660726}.Debug|Any CPU.Build.0 = Debug|Any CPU
		{DEC22AAE-E4C3-4DBA-93E0-C4A044660726}.Release|Any CPU.ActiveCfg = Release|Any CPU
		{DEC22AAE-E4C3-4DBA-93E0-C4A044660726}.Release|Any CPU.Build.0 = Release|Any CPU
		{7DFEB0BC-26CF-4959-A82C-76BE59BCD133}.Debug|Any CPU.ActiveCfg = Debug|Any CPU
		{7DFEB0BC-26CF-4959-A82C-76BE59BCD133}.Debug|Any CPU.Build.0 = Debug|Any CPU
		{7DFEB0BC-26CF-4959-A82C-76BE59BCD133}.Release|Any CPU.ActiveCfg = Release|Any CPU
		{7DFEB0BC-26CF-4959-A82C-76BE59BCD133}.Release|Any CPU.Build.0 = Release|Any CPU
		{AA703A38-011E-47C1-99DE-DDCE9AE283F5}.Debug|Any CPU.ActiveCfg = Debug|Any CPU
		{AA703A38-011E-47C1-99DE-DDCE9AE283F5}.Debug|Any CPU.Build.0 = Debug|Any CPU
		{AA703A38-011E-47C1-99DE-DDCE9AE283F5}.Release|Any CPU.ActiveCfg = Release|Any CPU
		{AA703A38-011E-47C1-99DE-DDCE9AE283F5}.Release|Any CPU.Build.0 = Release|Any CPU
	EndGlobalSection
	GlobalSection(SolutionProperties) = preSolution
		HideSolutionNode = FALSE
	EndGlobalSection
	GlobalSection(ExtensibilityGlobals) = postSolution
		SolutionGuid = {8655E324-3574-4F16-B187-814E2DB94E01}
	EndGlobalSection
EndGlobal
